
Microsoft Visual Studio Solution File, Format Version 11.00
# Visual Studio 2010
Project("{FAE04EC0-301F-11D3-BF4B-00C04F79EFBC}") = "NHttp", "NHttp\NHttp.csproj", "{7AD9DA80-AFB9-43EA-BDF2-9B75C47DC2CC}"
EndProject
Project("{FAE04EC0-301F-11D3-BF4B-00C04F79EFBC}") = "NHttp.Test", "NHttp.Test\NHttp.Test.csproj", "{62DDBB7E-4016-4832-9113-06B23557F263}"
EndProject
Global
	GlobalSection(SolutionConfigurationPlatforms) = preSolution
		Debug|Any CPU = Debug|Any CPU
		Release|Any CPU = Release|Any CPU
	EndGlobalSection
	GlobalSection(ProjectConfigurationPlatforms) = postSolution
		{7AD9DA80-AFB9-43EA-BDF2-9B75C47DC2CC}.Debug|Any CPU.ActiveCfg = Debug|Any CPU
		{7AD9DA80-AFB9-43EA-BDF2-9B75C47DC2CC}.Debug|Any CPU.Build.0 = Debug|Any CPU
		{7AD9DA80-AFB9-43EA-BDF2-9B75C47DC2CC}.Release|Any CPU.ActiveCfg = Release|Any CPU
		{7AD9DA80-AFB9-43EA-BDF2-9B75C47DC2CC}.Release|Any CPU.Build.0 = Release|Any CPU
		{62DDBB7E-4016-4832-9113-06B23557F263}.Debug|Any CPU.ActiveCfg = Debug|Any CPU
		{62DDBB7E-4016-4832-9113-06B23557F263}.Debug|Any CPU.Build.0 = Debug|Any CPU
		{62DDBB7E-4016-4832-9113-06B23557F263}.Release|Any CPU.ActiveCfg = Release|Any CPU
		{62DDBB7E-4016-4832-9113-06B23557F263}.Release|Any CPU.Build.0 = Release|Any CPU
	EndGlobalSection
	GlobalSection(SolutionProperties) = preSolution
		HideSolutionNode = FALSE
	EndGlobalSection
EndGlobal
